
Microsoft Visual Studio Solution File, Format Version 11.00
# Visual Studio 2010
Project("{FAE04EC0-301F-11D3-BF4B-00C04F79EFBC}") = "18Jan", "18Jan\18Jan.csproj", "{F99B1879-B6D4-435B-ADF0-DA491016E129}"
EndProject
Global
	GlobalSection(SolutionConfigurationPlatforms) = preSolution
		Debug|x86 = Debug|x86
		Release|x86 = Release|x86
	EndGlobalSection
	GlobalSection(ProjectConfigurationPlatforms) = postSolution
		{F99B1879-B6D4-435B-ADF0-DA491016E129}.Debug|x86.ActiveCfg = Debug|x86
		{F99B1879-B6D4-435B-ADF0-DA491016E129}.Debug|x86.Build.0 = Debug|x86
		{F99B1879-B6D4-435B-ADF0-DA491016E129}.Release|x86.ActiveCfg = Release|x86
		{F99B1879-B6D4-435B-ADF0-DA491016E129}.Release|x86.Build.0 = Release|x86
	EndGlobalSection
	GlobalSection(SolutionProperties) = preSolution
		HideSolutionNode = FALSE
	EndGlobalSection
EndGlobal
